<?xml version="1.0" encoding="UTF-8"?>
<CodeBlocks_project_file>
	<FileVersion major="1" minor="6"/>
	<Project>
		<Option title="Project"/>
		<Option makefile_is_custom="1"/>
		<Option compiler="gcc"/>
		<Option virtualFolders="CMake Files\;CMake Files\SfM\;CMake Files\SfM\adjacency_matrix_viewer\;CMake Files\SfM\control_points_registration\;CMake Files\..\;CMake Files\..\..\;CMake Files\..\..\..\;CMake Files\..\..\..\..\;CMake Files\..\..\..\..\..\;CMake Files\..\..\..\..\..\..\;CMake Files\..\..\..\..\..\..\..\;CMake Files\..\..\..\..\..\..\..\..\;CMake Files\..\..\..\..\..\..\..\..\usr\;CMake Files\..\..\..\..\..\..\..\..\usr\lib\;CMake Files\..\..\..\..\..\..\..\..\usr\lib\x86_64-linux-gnu\;CMake Files\..\..\..\..\..\..\..\..\usr\lib\x86_64-linux-gnu\cmake\;CMake Files\..\..\..\..\..\..\..\..\usr\lib\x86_64-linux-gnu\cmake\Qt5Widgets\;CMake Files\..\..\..\..\..\..\..\..\usr\lib\x86_64-linux-gnu\cmake\Qt5Gui\;CMake Files\..\..\..\..\..\..\..\..\usr\lib\x86_64-linux-gnu\cmake\Qt5Core\;"/>
		<Build>
			<Target title="all">
				<Option working_dir="/home/guang/software/v201802281809/sparse/src/software/build-ui-Desktop-Default"/>
				<Option type="4"/>
				<MakeCommands>
					<Build command="/usr/bin/make -j64 -f &quot;/home/guang/software/v201802281809/sparse/src/software/build-ui-Desktop-Default/Makefile&quot;  VERBOSE=1 all"/>
					<CompileFile command="/usr/bin/make -j64 -f &quot;/home/guang/software/v201802281809/sparse/src/software/build-ui-Desktop-Default/Makefile&quot;  VERBOSE=1 &quot;$file&quot;"/>
					<Clean command="/usr/bin/make -j64 -f &quot;/home/guang/software/v201802281809/sparse/src/software/build-ui-Desktop-Default/Makefile&quot;  VERBOSE=1 clean"/>
					<DistClean command="/usr/bin/make -j64 -f &quot;/home/guang/software/v201802281809/sparse/src/software/build-ui-Desktop-Default/Makefile&quot;  VERBOSE=1 clean"/>
				</MakeCommands>
			</Target>
			<Target title="install/strip">
				<Option working_dir="/home/guang/software/v201802281809/sparse/src/software/build-ui-Desktop-Default"/>
				<Option type="4"/>
				<MakeCommands>
					<Build command="/usr/bin/make -j64 -f &quot;/home/guang/software/v201802281809/sparse/src/software/build-ui-Desktop-Default/Makefile&quot;  VERBOSE=1 install/strip"/>
					<CompileFile command="/usr/bin/make -j64 -f &quot;/home/guang/software/v201802281809/sparse/src/software/build-ui-Desktop-Default/Makefile&quot;  VERBOSE=1 &quot;$file&quot;"/>
					<Clean command="/usr/bin/make -j64 -f &quot;/home/guang/software/v201802281809/sparse/src/software/build-ui-Desktop-Default/Makefile&quot;  VERBOSE=1 clean"/>
					<DistClean command="/usr/bin/make -j64 -f &quot;/home/guang/software/v201802281809/sparse/src/software/build-ui-Desktop-Default/Makefile&quot;  VERBOSE=1 clean"/>
				</MakeCommands>
			</Target>
			<Target title="install/local">
				<Option working_dir="/home/guang/software/v201802281809/sparse/src/software/build-ui-Desktop-Default"/>
				<Option type="4"/>
				<MakeCommands>
					<Build command="/usr/bin/make -j64 -f &quot;/home/guang/software/v201802281809/sparse/src/software/build-ui-Desktop-Default/Makefile&quot;  VERBOSE=1 install/local"/>
					<CompileFile command="/usr/bin/make -j64 -f &quot;/home/guang/software/v201802281809/sparse/src/software/build-ui-Desktop-Default/Makefile&quot;  VERBOSE=1 &quot;$file&quot;"/>
					<Clean command="/usr/bin/make -j64 -f &quot;/home/guang/software/v201802281809/sparse/src/software/build-ui-Desktop-Default/Makefile&quot;  VERBOSE=1 clean"/>
					<DistClean command="/usr/bin/make -j64 -f &quot;/home/guang/software/v201802281809/sparse/src/software/build-ui-Desktop-Default/Makefile&quot;  VERBOSE=1 clean"/>
				</MakeCommands>
			</Target>
			<Target title="edit_cache">
				<Option working_dir="/home/guang/software/v201802281809/sparse/src/software/build-ui-Desktop-Default"/>
				<Option type="4"/>
				<MakeCommands>
					<Build command="/usr/bin/make -j64 -f &quot;/home/guang/software/v201802281809/sparse/src/software/build-ui-Desktop-Default/Makefile&quot;  VERBOSE=1 edit_cache"/>
					<CompileFile command="/usr/bin/make -j64 -f &quot;/home/guang/software/v201802281809/sparse/src/software/build-ui-Desktop-Default/Makefile&quot;  VERBOSE=1 &quot;$file&quot;"/>
					<Clean command="/usr/bin/make -j64 -f &quot;/home/guang/software/v201802281809/sparse/src/software/build-ui-Desktop-Default/Makefile&quot;  VERBOSE=1 clean"/>
					<DistClean command="/usr/bin/make -j64 -f &quot;/home/guang/software/v201802281809/sparse/src/software/build-ui-Desktop-Default/Makefile&quot;  VERBOSE=1 clean"/>
				</MakeCommands>
			</Target>
			<Target title="rebuild_cache">
				<Option working_dir="/home/guang/software/v201802281809/sparse/src/software/build-ui-Desktop-Default"/>
				<Option type="4"/>
				<MakeCommands>
					<Build command="/usr/bin/make -j64 -f &quot;/home/guang/software/v201802281809/sparse/src/software/build-ui-Desktop-Default/Makefile&quot;  VERBOSE=1 rebuild_cache"/>
					<CompileFile command="/usr/bin/make -j64 -f &quot;/home/guang/software/v201802281809/sparse/src/software/build-ui-Desktop-Default/Makefile&quot;  VERBOSE=1 &quot;$file&quot;"/>
					<Clean command="/usr/bin/make -j64 -f &quot;/home/guang/software/v201802281809/sparse/src/software/build-ui-Desktop-Default/Makefile&quot;  VERBOSE=1 clean"/>
					<DistClean command="/usr/bin/make -j64 -f &quot;/home/guang/software/v201802281809/sparse/src/software/build-ui-Desktop-Default/Makefile&quot;  VERBOSE=1 clean"/>
				</MakeCommands>
			</Target>
			<Target title="list_install_components">
				<Option working_dir="/home/guang/software/v201802281809/sparse/src/software/build-ui-Desktop-Default"/>
				<Option type="4"/>
				<MakeCommands>
					<Build command="/usr/bin/make -j64 -f &quot;/home/guang/software/v201802281809/sparse/src/software/build-ui-Desktop-Default/Makefile&quot;  VERBOSE=1 list_install_components"/>
					<CompileFile command="/usr/bin/make -j64 -f &quot;/home/guang/software/v201802281809/sparse/src/software/build-ui-Desktop-Default/Makefile&quot;  VERBOSE=1 &quot;$file&quot;"/>
					<Clean command="/usr/bin/make -j64 -f &quot;/home/guang/software/v201802281809/sparse/src/software/build-ui-Desktop-Default/Makefile&quot;  VERBOSE=1 clean"/>
					<DistClean command="/usr/bin/make -j64 -f &quot;/home/guang/software/v201802281809/sparse/src/software/build-ui-Desktop-Default/Makefile&quot;  VERBOSE=1 clean"/>
				</MakeCommands>
			</Target>
			<Target title="install">
				<Option working_dir="/home/guang/software/v201802281809/sparse/src/software/build-ui-Desktop-Default"/>
				<Option type="4"/>
				<MakeCommands>
					<Build command="/usr/bin/make -j64 -f &quot;/home/guang/software/v201802281809/sparse/src/software/build-ui-Desktop-Default/Makefile&quot;  VERBOSE=1 install"/>
					<CompileFile command="/usr/bin/make -j64 -f &quot;/home/guang/software/v201802281809/sparse/src/software/build-ui-Desktop-Default/Makefile&quot;  VERBOSE=1 &quot;$file&quot;"/>
					<Clean command="/usr/bin/make -j64 -f &quot;/home/guang/software/v201802281809/sparse/src/software/build-ui-Desktop-Default/Makefile&quot;  VERBOSE=1 clean"/>
					<DistClean command="/usr/bin/make -j64 -f &quot;/home/guang/software/v201802281809/sparse/src/software/build-ui-Desktop-Default/Makefile&quot;  VERBOSE=1 clean"/>
				</MakeCommands>
			</Target>
			<Target title="ui_openMVG_control_points_registration">
				<Option output="/home/guang/software/v201802281809/sparse/src/software/build-ui-Desktop-Default/SfM/control_points_registration/ui_openMVG_control_points_registration" prefix_auto="0" extension_auto="0"/>
				<Option working_dir=""/>
				<Option object_output="./"/>
				<Option type="1"/>
				<Option compiler="gcc"/>
				<Compiler>
					<Add option="-DQT_WIDGETS_LIB"/>
					<Add option="-DQT_GUI_LIB"/>
					<Add option="-DQT_CORE_LIB"/>
					<Add option="-DQT_NO_DEBUG"/>
					<Add directory="/home/guang/software/v201802281809/sparse/src/software/build-ui-Desktop-Default/SfM/control_points_registration"/>
					<Add directory="/home/guang/software/v201802281809/sparse/src/software/ui/SfM/control_points_registration"/>
					<Add directory="/usr/include/x86_64-linux-gnu/qt5"/>
					<Add directory="/usr/include/x86_64-linux-gnu/qt5/QtWidgets"/>
					<Add directory="/usr/include/x86_64-linux-gnu/qt5/QtGui"/>
					<Add directory="/usr/include/x86_64-linux-gnu/qt5/QtCore"/>
					<Add directory="/usr/lib/x86_64-linux-gnu/qt5/mkspecs/linux-g++-64"/>
					<Add directory="/usr/include/c++/6"/>
					<Add directory="/usr/include/x86_64-linux-gnu/c++/6"/>
					<Add directory="/usr/include/c++/6/backward"/>
					<Add directory="/usr/lib/gcc/x86_64-linux-gnu/6/include"/>
					<Add directory="/usr/local/include"/>
					<Add directory="/usr/lib/gcc/x86_64-linux-gnu/6/include-fixed"/>
					<Add directory="/usr/include/x86_64-linux-gnu"/>
					<Add directory="/usr/include"/>
				</Compiler>
				<MakeCommands>
					<Build command="/usr/bin/make -j64 -f &quot;/home/guang/software/v201802281809/sparse/src/software/build-ui-Desktop-Default/SfM/control_points_registration/Makefile&quot;  VERBOSE=1 ui_openMVG_control_points_registration"/>
					<CompileFile command="/usr/bin/make -j64 -f &quot;/home/guang/software/v201802281809/sparse/src/software/build-ui-Desktop-Default/SfM/control_points_registration/Makefile&quot;  VERBOSE=1 &quot;$file&quot;"/>
					<Clean command="/usr/bin/make -j64 -f &quot;/home/guang/software/v201802281809/sparse/src/software/build-ui-Desktop-Default/SfM/control_points_registration/Makefile&quot;  VERBOSE=1 clean"/>
					<DistClean command="/usr/bin/make -j64 -f &quot;/home/guang/software/v201802281809/sparse/src/software/build-ui-Desktop-Default/SfM/control_points_registration/Makefile&quot;  VERBOSE=1 clean"/>
				</MakeCommands>
			</Target>
			<Target title="ui_openMVG_control_points_registration/fast">
				<Option output="/home/guang/software/v201802281809/sparse/src/software/build-ui-Desktop-Default/SfM/control_points_registration/ui_openMVG_control_points_registration" prefix_auto="0" extension_auto="0"/>
				<Option working_dir=""/>
				<Option object_output="./"/>
				<Option type="1"/>
				<Option compiler="gcc"/>
				<Compiler>
					<Add option="-DQT_WIDGETS_LIB"/>
					<Add option="-DQT_GUI_LIB"/>
					<Add option="-DQT_CORE_LIB"/>
					<Add option="-DQT_NO_DEBUG"/>
					<Add directory="/home/guang/software/v201802281809/sparse/src/software/build-ui-Desktop-Default/SfM/control_points_registration"/>
					<Add directory="/home/guang/software/v201802281809/sparse/src/software/ui/SfM/control_points_registration"/>
					<Add directory="/usr/include/x86_64-linux-gnu/qt5"/>
					<Add directory="/usr/include/x86_64-linux-gnu/qt5/QtWidgets"/>
					<Add directory="/usr/include/x86_64-linux-gnu/qt5/QtGui"/>
					<Add directory="/usr/include/x86_64-linux-gnu/qt5/QtCore"/>
					<Add directory="/usr/lib/x86_64-linux-gnu/qt5/mkspecs/linux-g++-64"/>
					<Add directory="/usr/include/c++/6"/>
					<Add directory="/usr/include/x86_64-linux-gnu/c++/6"/>
					<Add directory="/usr/include/c++/6/backward"/>
					<Add directory="/usr/lib/gcc/x86_64-linux-gnu/6/include"/>
					<Add directory="/usr/local/include"/>
					<Add directory="/usr/lib/gcc/x86_64-linux-gnu/6/include-fixed"/>
					<Add directory="/usr/include/x86_64-linux-gnu"/>
					<Add directory="/usr/include"/>
				</Compiler>
				<MakeCommands>
					<Build command="/usr/bin/make -j64 -f &quot;/home/guang/software/v201802281809/sparse/src/software/build-ui-Desktop-Default/SfM/control_points_registration/Makefile&quot;  VERBOSE=1 ui_openMVG_control_points_registration/fast"/>
					<CompileFile command="/usr/bin/make -j64 -f &quot;/home/guang/software/v201802281809/sparse/src/software/build-ui-Desktop-Default/SfM/control_points_registration/Makefile&quot;  VERBOSE=1 &quot;$file&quot;"/>
					<Clean command="/usr/bin/make -j64 -f &quot;/home/guang/software/v201802281809/sparse/src/software/build-ui-Desktop-Default/SfM/control_points_registration/Makefile&quot;  VERBOSE=1 clean"/>
					<DistClean command="/usr/bin/make -j64 -f &quot;/home/guang/software/v201802281809/sparse/src/software/build-ui-Desktop-Default/SfM/control_points_registration/Makefile&quot;  VERBOSE=1 clean"/>
				</MakeCommands>
			</Target>
			<Target title="ui_openMVG_control_points_registration_automoc">
				<Option working_dir="/home/guang/software/v201802281809/sparse/src/software/build-ui-Desktop-Default/SfM/control_points_registration"/>
				<Option type="4"/>
				<MakeCommands>
					<Build command="/usr/bin/make -j64 -f &quot;/home/guang/software/v201802281809/sparse/src/software/build-ui-Desktop-Default/SfM/control_points_registration/Makefile&quot;  VERBOSE=1 ui_openMVG_control_points_registration_automoc"/>
					<CompileFile command="/usr/bin/make -j64 -f &quot;/home/guang/software/v201802281809/sparse/src/software/build-ui-Desktop-Default/SfM/control_points_registration/Makefile&quot;  VERBOSE=1 &quot;$file&quot;"/>
					<Clean command="/usr/bin/make -j64 -f &quot;/home/guang/software/v201802281809/sparse/src/software/build-ui-Desktop-Default/SfM/control_points_registration/Makefile&quot;  VERBOSE=1 clean"/>
					<DistClean command="/usr/bin/make -j64 -f &quot;/home/guang/software/v201802281809/sparse/src/software/build-ui-Desktop-Default/SfM/control_points_registration/Makefile&quot;  VERBOSE=1 clean"/>
				</MakeCommands>
			</Target>
		</Build>
		<Unit filename="/home/guang/software/v201802281809/sparse/src/software/build-ui-Desktop-Default/SfM/control_points_registration/ui_openMVG_control_points_registration_automoc.cpp">
			<Option target="ui_openMVG_control_points_registration"/>
		</Unit>
		<Unit filename="/home/guang/software/v201802281809/sparse/src/software/ui/SfM/control_points_registration/ControlPointTableView.cpp">
			<Option target="ui_openMVG_control_points_registration"/>
		</Unit>
		<Unit filename="/home/guang/software/v201802281809/sparse/src/software/ui/SfM/control_points_registration/ControlPointTableView.hpp">
			<Option target="ui_openMVG_control_points_registration"/>
		</Unit>
		<Unit filename="/home/guang/software/v201802281809/sparse/src/software/ui/SfM/control_points_registration/GraphicsMainWindow.cpp">
			<Option target="ui_openMVG_control_points_registration"/>
		</Unit>
		<Unit filename="/home/guang/software/v201802281809/sparse/src/software/ui/SfM/control_points_registration/GraphicsMainWindow.hpp">
			<Option target="ui_openMVG_control_points_registration"/>
		</Unit>
		<Unit filename="/home/guang/software/v201802281809/sparse/src/software/ui/SfM/control_points_registration/document.hpp">
			<Option target="ui_openMVG_control_points_registration"/>
		</Unit>
		<Unit filename="/home/guang/software/v201802281809/sparse/src/software/ui/SfM/control_points_registration/main.cpp">
			<Option target="ui_openMVG_control_points_registration"/>
		</Unit>
		<Unit filename="/home/guang/software/v201802281809/sparse/src/software/ui/SfM/control_points_registration/mainLayout.cpp">
			<Option target="ui_openMVG_control_points_registration"/>
		</Unit>
		<Unit filename="/home/guang/software/v201802281809/sparse/src/software/ui/SfM/control_points_registration/mainLayout.hpp">
			<Option target="ui_openMVG_control_points_registration"/>
		</Unit>
		<Unit filename="/home/guang/software/v201802281809/sparse/src/software/ui/SfM/control_points_registration/node.cpp">
			<Option target="ui_openMVG_control_points_registration"/>
		</Unit>
		<Unit filename="/home/guang/software/v201802281809/sparse/src/software/ui/SfM/control_points_registration/node.hpp">
			<Option target="ui_openMVG_control_points_registration"/>
		</Unit>
		<Unit filename="/home/guang/software/v201802281809/sparse/src/software/ui/CMakeLists.txt">
			<Option virtualFolder="CMake Files\"/>
		</Unit>
		<Unit filename="/home/guang/software/v201802281809/sparse/src/software/ui/SfM/CMakeLists.txt">
			<Option virtualFolder="CMake Files\SfM\"/>
		</Unit>
		<Unit filename="/home/guang/software/v201802281809/sparse/src/software/ui/SfM/adjacency_matrix_viewer/CMakeLists.txt">
			<Option virtualFolder="CMake Files\SfM\adjacency_matrix_viewer\"/>
		</Unit>
		<Unit filename="/home/guang/software/v201802281809/sparse/src/software/ui/SfM/control_points_registration/CMakeLists.txt">
			<Option virtualFolder="CMake Files\SfM\control_points_registration\"/>
		</Unit>
		<Unit filename="/home/guang/software/v201802281809/sparse/src/software/ui/SfM/control_points_registration/CMakeLists.txt">
			<Option virtualFolder="CMake Files\SfM\control_points_registration\"/>
		</Unit>
		<Unit filename="/home/guang/software/v201802281809/sparse/src/software/ui/../../../../../../../../usr/lib/x86_64-linux-gnu/cmake/Qt5Widgets/Qt5WidgetsConfigVersion.cmake">
			<Option virtualFolder="CMake Files\..\..\..\..\..\..\..\..\usr\lib\x86_64-linux-gnu\cmake\Qt5Widgets\"/>
		</Unit>
		<Unit filename="/home/guang/software/v201802281809/sparse/src/software/ui/../../../../../../../../usr/lib/x86_64-linux-gnu/cmake/Qt5Widgets/Qt5WidgetsConfig.cmake">
			<Option virtualFolder="CMake Files\..\..\..\..\..\..\..\..\usr\lib\x86_64-linux-gnu\cmake\Qt5Widgets\"/>
		</Unit>
		<Unit filename="/home/guang/software/v201802281809/sparse/src/software/ui/../../../../../../../../usr/lib/x86_64-linux-gnu/cmake/Qt5Widgets/Qt5WidgetsConfigExtras.cmake">
			<Option virtualFolder="CMake Files\..\..\..\..\..\..\..\..\usr\lib\x86_64-linux-gnu\cmake\Qt5Widgets\"/>
		</Unit>
		<Unit filename="/home/guang/software/v201802281809/sparse/src/software/ui/../../../../../../../../usr/lib/x86_64-linux-gnu/cmake/Qt5Widgets/Qt5WidgetsMacros.cmake">
			<Option virtualFolder="CMake Files\..\..\..\..\..\..\..\..\usr\lib\x86_64-linux-gnu\cmake\Qt5Widgets\"/>
		</Unit>
		<Unit filename="/home/guang/software/v201802281809/sparse/src/software/ui/../../../../../../../../usr/lib/x86_64-linux-gnu/cmake/Qt5Widgets/Qt5WidgetsConfigVersion.cmake">
			<Option virtualFolder="CMake Files\..\..\..\..\..\..\..\..\usr\lib\x86_64-linux-gnu\cmake\Qt5Widgets\"/>
		</Unit>
		<Unit filename="/home/guang/software/v201802281809/sparse/src/software/ui/../../../../../../../../usr/lib/x86_64-linux-gnu/cmake/Qt5Widgets/Qt5WidgetsConfig.cmake">
			<Option virtualFolder="CMake Files\..\..\..\..\..\..\..\..\usr\lib\x86_64-linux-gnu\cmake\Qt5Widgets\"/>
		</Unit>
		<Unit filename="/home/guang/software/v201802281809/sparse/src/software/ui/../../../../../../../../usr/lib/x86_64-linux-gnu/cmake/Qt5Widgets/Qt5WidgetsConfigExtras.cmake">
			<Option virtualFolder="CMake Files\..\..\..\..\..\..\..\..\usr\lib\x86_64-linux-gnu\cmake\Qt5Widgets\"/>
		</Unit>
		<Unit filename="/home/guang/software/v201802281809/sparse/src/software/ui/../../../../../../../../usr/lib/x86_64-linux-gnu/cmake/Qt5Widgets/Qt5WidgetsMacros.cmake">
			<Option virtualFolder="CMake Files\..\..\..\..\..\..\..\..\usr\lib\x86_64-linux-gnu\cmake\Qt5Widgets\"/>
		</Unit>
		<Unit filename="/home/guang/software/v201802281809/sparse/src/software/ui/../../../../../../../../usr/lib/x86_64-linux-gnu/cmake/Qt5Widgets/Qt5WidgetsConfigVersion.cmake">
			<Option virtualFolder="CMake Files\..\..\..\..\..\..\..\..\usr\lib\x86_64-linux-gnu\cmake\Qt5Widgets\"/>
		</Unit>
		<Unit filename="/home/guang/software/v201802281809/sparse/src/software/ui/../../../../../../../../usr/lib/x86_64-linux-gnu/cmake/Qt5Widgets/Qt5WidgetsConfig.cmake">
			<Option virtualFolder="CMake Files\..\..\..\..\..\..\..\..\usr\lib\x86_64-linux-gnu\cmake\Qt5Widgets\"/>
		</Unit>
		<Unit filename="/home/guang/software/v201802281809/sparse/src/software/ui/../../../../../../../../usr/lib/x86_64-linux-gnu/cmake/Qt5Widgets/Qt5WidgetsConfigExtras.cmake">
			<Option virtualFolder="CMake Files\..\..\..\..\..\..\..\..\usr\lib\x86_64-linux-gnu\cmake\Qt5Widgets\"/>
		</Unit>
		<Unit filename="/home/guang/software/v201802281809/sparse/src/software/ui/../../../../../../../../usr/lib/x86_64-linux-gnu/cmake/Qt5Widgets/Qt5WidgetsMacros.cmake">
			<Option virtualFolder="CMake Files\..\..\..\..\..\..\..\..\usr\lib\x86_64-linux-gnu\cmake\Qt5Widgets\"/>
		</Unit>
		<Unit filename="/home/guang/software/v201802281809/sparse/src/software/ui/../../../../../../../../usr/lib/x86_64-linux-gnu/cmake/Qt5Gui/Qt5GuiConfigVersion.cmake">
			<Option virtualFolder="CMake Files\..\..\..\..\..\..\..\..\usr\lib\x86_64-linux-gnu\cmake\Qt5Gui\"/>
		</Unit>
		<Unit filename="/home/guang/software/v201802281809/sparse/src/software/ui/../../../../../../../../usr/lib/x86_64-linux-gnu/cmake/Qt5Gui/Qt5GuiConfig.cmake">
			<Option virtualFolder="CMake Files\..\..\..\..\..\..\..\..\usr\lib\x86_64-linux-gnu\cmake\Qt5Gui\"/>
		</Unit>
		<Unit filename="/home/guang/software/v201802281809/sparse/src/software/ui/../../../../../../../../usr/lib/x86_64-linux-gnu/cmake/Qt5Gui/Qt5GuiConfigExtras.cmake">
			<Option virtualFolder="CMake Files\..\..\..\..\..\..\..\..\usr\lib\x86_64-linux-gnu\cmake\Qt5Gui\"/>
		</Unit>
		<Unit filename="/home/guang/software/v201802281809/sparse/src/software/ui/../../../../../../../../usr/lib/x86_64-linux-gnu/cmake/Qt5Gui/Qt5GuiConfigVersion.cmake">
			<Option virtualFolder="CMake Files\..\..\..\..\..\..\..\..\usr\lib\x86_64-linux-gnu\cmake\Qt5Gui\"/>
		</Unit>
		<Unit filename="/home/guang/software/v201802281809/sparse/src/software/ui/../../../../../../../../usr/lib/x86_64-linux-gnu/cmake/Qt5Gui/Qt5GuiConfig.cmake">
			<Option virtualFolder="CMake Files\..\..\..\..\..\..\..\..\usr\lib\x86_64-linux-gnu\cmake\Qt5Gui\"/>
		</Unit>
		<Unit filename="/home/guang/software/v201802281809/sparse/src/software/ui/../../../../../../../../usr/lib/x86_64-linux-gnu/cmake/Qt5Gui/Qt5GuiConfigExtras.cmake">
			<Option virtualFolder="CMake Files\..\..\..\..\..\..\..\..\usr\lib\x86_64-linux-gnu\cmake\Qt5Gui\"/>
		</Unit>
		<Unit filename="/home/guang/software/v201802281809/sparse/src/software/ui/../../../../../../../../usr/lib/x86_64-linux-gnu/cmake/Qt5Gui/Qt5GuiConfigVersion.cmake">
			<Option virtualFolder="CMake Files\..\..\..\..\..\..\..\..\usr\lib\x86_64-linux-gnu\cmake\Qt5Gui\"/>
		</Unit>
		<Unit filename="/home/guang/software/v201802281809/sparse/src/software/ui/../../../../../../../../usr/lib/x86_64-linux-gnu/cmake/Qt5Gui/Qt5GuiConfig.cmake">
			<Option virtualFolder="CMake Files\..\..\..\..\..\..\..\..\usr\lib\x86_64-linux-gnu\cmake\Qt5Gui\"/>
		</Unit>
		<Unit filename="/home/guang/software/v201802281809/sparse/src/software/ui/../../../../../../../../usr/lib/x86_64-linux-gnu/cmake/Qt5Gui/Qt5GuiConfigExtras.cmake">
			<Option virtualFolder="CMake Files\..\..\..\..\..\..\..\..\usr\lib\x86_64-linux-gnu\cmake\Qt5Gui\"/>
		</Unit>
		<Unit filename="/home/guang/software/v201802281809/sparse/src/software/ui/../../../../../../../../usr/lib/x86_64-linux-gnu/cmake/Qt5Core/Qt5CoreConfigVersion.cmake">
			<Option virtualFolder="CMake Files\..\..\..\..\..\..\..\..\usr\lib\x86_64-linux-gnu\cmake\Qt5Core\"/>
		</Unit>
		<Unit filename="/home/guang/software/v201802281809/sparse/src/software/ui/../../../../../../../../usr/lib/x86_64-linux-gnu/cmake/Qt5Core/Qt5CoreConfig.cmake">
			<Option virtualFolder="CMake Files\..\..\..\..\..\..\..\..\usr\lib\x86_64-linux-gnu\cmake\Qt5Core\"/>
		</Unit>
		<Unit filename="/home/guang/software/v201802281809/sparse/src/software/ui/../../../../../../../../usr/lib/x86_64-linux-gnu/cmake/Qt5Core/Qt5CoreConfigExtras.cmake">
			<Option virtualFolder="CMake Files\..\..\..\..\..\..\..\..\usr\lib\x86_64-linux-gnu\cmake\Qt5Core\"/>
		</Unit>
		<Unit filename="/home/guang/software/v201802281809/sparse/src/software/ui/../../../../../../../../usr/lib/x86_64-linux-gnu/cmake/Qt5Core/Qt5CoreConfigExtrasMkspecDir.cmake">
			<Option virtualFolder="CMake Files\..\..\..\..\..\..\..\..\usr\lib\x86_64-linux-gnu\cmake\Qt5Core\"/>
		</Unit>
		<Unit filename="/home/guang/software/v201802281809/sparse/src/software/ui/../../../../../../../../usr/lib/x86_64-linux-gnu/cmake/Qt5Core/Qt5CoreMacros.cmake">
			<Option virtualFolder="CMake Files\..\..\..\..\..\..\..\..\usr\lib\x86_64-linux-gnu\cmake\Qt5Core\"/>
		</Unit>
		<Unit filename="/home/guang/software/v201802281809/sparse/src/software/ui/../../../../../../../../usr/lib/x86_64-linux-gnu/cmake/Qt5Core/Qt5CoreConfigVersion.cmake">
			<Option virtualFolder="CMake Files\..\..\..\..\..\..\..\..\usr\lib\x86_64-linux-gnu\cmake\Qt5Core\"/>
		</Unit>
		<Unit filename="/home/guang/software/v201802281809/sparse/src/software/ui/../../../../../../../../usr/lib/x86_64-linux-gnu/cmake/Qt5Core/Qt5CoreConfig.cmake">
			<Option virtualFolder="CMake Files\..\..\..\..\..\..\..\..\usr\lib\x86_64-linux-gnu\cmake\Qt5Core\"/>
		</Unit>
		<Unit filename="/home/guang/software/v201802281809/sparse/src/software/ui/../../../../../../../../usr/lib/x86_64-linux-gnu/cmake/Qt5Core/Qt5CoreConfigExtras.cmake">
			<Option virtualFolder="CMake Files\..\..\..\..\..\..\..\..\usr\lib\x86_64-linux-gnu\cmake\Qt5Core\"/>
		</Unit>
		<Unit filename="/home/guang/software/v201802281809/sparse/src/software/ui/../../../../../../../../usr/lib/x86_64-linux-gnu/cmake/Qt5Core/Qt5CoreConfigExtrasMkspecDir.cmake">
			<Option virtualFolder="CMake Files\..\..\..\..\..\..\..\..\usr\lib\x86_64-linux-gnu\cmake\Qt5Core\"/>
		</Unit>
		<Unit filename="/home/guang/software/v201802281809/sparse/src/software/ui/../../../../../../../../usr/lib/x86_64-linux-gnu/cmake/Qt5Core/Qt5CoreMacros.cmake">
			<Option virtualFolder="CMake Files\..\..\..\..\..\..\..\..\usr\lib\x86_64-linux-gnu\cmake\Qt5Core\"/>
		</Unit>
		<Unit filename="/home/guang/software/v201802281809/sparse/src/software/ui/../../../../../../../../usr/lib/x86_64-linux-gnu/cmake/Qt5Core/Qt5CoreConfigVersion.cmake">
			<Option virtualFolder="CMake Files\..\..\..\..\..\..\..\..\usr\lib\x86_64-linux-gnu\cmake\Qt5Core\"/>
		</Unit>
		<Unit filename="/home/guang/software/v201802281809/sparse/src/software/ui/../../../../../../../../usr/lib/x86_64-linux-gnu/cmake/Qt5Core/Qt5CoreConfig.cmake">
			<Option virtualFolder="CMake Files\..\..\..\..\..\..\..\..\usr\lib\x86_64-linux-gnu\cmake\Qt5Core\"/>
		</Unit>
		<Unit filename="/home/guang/software/v201802281809/sparse/src/software/ui/../../../../../../../../usr/lib/x86_64-linux-gnu/cmake/Qt5Core/Qt5CoreConfigExtras.cmake">
			<Option virtualFolder="CMake Files\..\..\..\..\..\..\..\..\usr\lib\x86_64-linux-gnu\cmake\Qt5Core\"/>
		</Unit>
		<Unit filename="/home/guang/software/v201802281809/sparse/src/software/ui/../../../../../../../../usr/lib/x86_64-linux-gnu/cmake/Qt5Core/Qt5CoreConfigExtrasMkspecDir.cmake">
			<Option virtualFolder="CMake Files\..\..\..\..\..\..\..\..\usr\lib\x86_64-linux-gnu\cmake\Qt5Core\"/>
		</Unit>
		<Unit filename="/home/guang/software/v201802281809/sparse/src/software/ui/../../../../../../../../usr/lib/x86_64-linux-gnu/cmake/Qt5Core/Qt5CoreMacros.cmake">
			<Option virtualFolder="CMake Files\..\..\..\..\..\..\..\..\usr\lib\x86_64-linux-gnu\cmake\Qt5Core\"/>
		</Unit>
	</Project>
</CodeBlocks_project_file>
